
Microsoft Visual Studio Solution File, Format Version 12.00
# Visual Studio Version 17
VisualStudioVersion = 17.9.34728.123
MinimumVisualStudioVersion = 10.0.40219.1
Project("{9A19103F-16F7-4668-BE54-9A1E7A4F7556}") = "JobTitle.BLL", "JobTitle.BLL\JobTitle.BLL.csproj", "{76C1F6E2-5BFC-4800-981F-25B4C6C84EB4}"
EndProject
Project("{9A19103F-16F7-4668-BE54-9A1E7A4F7556}") = "JobTitle.DAL", "JobTitle.DAL\JobTitle.DAL.csproj", "{CC586F07-D06D-4BD4-8FB8-07137EAF71E8}"
EndProject
Project("{FAE04EC0-301F-11D3-BF4B-00C04F79EFBC}") = "JobTitle.API", "JobTitle.API\JobTitle.API.csproj", "{C77BE05B-9F32-4DB8-BA21-76EA10C844A0}"
EndProject
Global
	GlobalSection(SolutionConfigurationPlatforms) = preSolution
		Debug|Any CPU = Debug|Any CPU
		Release|Any CPU = Release|Any CPU
	EndGlobalSection
	GlobalSection(ProjectConfigurationPlatforms) = postSolution
		{76C1F6E2-5BFC-4800-981F-25B4C6C84EB4}.Debug|Any CPU.ActiveCfg = Debug|Any CPU
		{76C1F6E2-5BFC-4800-981F-25B4C6C84EB4}.Debug|Any CPU.Build.0 = Debug|Any CPU
		{76C1F6E2-5BFC-4800-981F-25B4C6C84EB4}.Release|Any CPU.ActiveCfg = Release|Any CPU
		{76C1F6E2-5BFC-4800-981F-25B4C6C84EB4}.Release|Any CPU.Build.0 = Release|Any CPU
		{CC586F07-D06D-4BD4-8FB8-07137EAF71E8}.Debug|Any CPU.ActiveCfg = Debug|Any CPU
		{CC586F07-D06D-4BD4-8FB8-07137EAF71E8}.Debug|Any CPU.Build.0 = Debug|Any CPU
		{CC586F07-D06D-4BD4-8FB8-07137EAF71E8}.Release|Any CPU.ActiveCfg = Release|Any CPU
		{CC586F07-D06D-4BD4-8FB8-07137EAF71E8}.Release|Any CPU.Build.0 = Release|Any CPU
		{C77BE05B-9F32-4DB8-BA21-76EA10C844A0}.Debug|Any CPU.ActiveCfg = Debug|Any CPU
		{C77BE05B-9F32-4DB8-BA21-76EA10C844A0}.Debug|Any CPU.Build.0 = Debug|Any CPU
		{C77BE05B-9F32-4DB8-BA21-76EA10C844A0}.Release|Any CPU.ActiveCfg = Release|Any CPU
		{C77BE05B-9F32-4DB8-BA21-76EA10C844A0}.Release|Any CPU.Build.0 = Release|Any CPU
	EndGlobalSection
	GlobalSection(SolutionProperties) = preSolution
		HideSolutionNode = FALSE
	EndGlobalSection
	GlobalSection(ExtensibilityGlobals) = postSolution
		SolutionGuid = {BC831DDA-2F7B-4061-9D26-F3E88DC95616}
	EndGlobalSection
EndGlobal
